<Solution>
  <Project Path="Finance.Api/Finance.Api.csproj" />
  <Project Path="Finance.Application/Finance.Application.csproj" />
  <Project Path="Finance.Domain/Finance.Domain.csproj" />
  <Project Path="Finance.Infrastructure/Finance.Infrastructure.csproj" />
  <Project Path="Finance.Presentation/Finance.Presentation.csproj" Id="4226c40e-85e0-44eb-950d-da9a0b162e45" />
</Solution>
